
Microsoft Visual Studio Solution File, Format Version 12.00
# Visual Studio 15
VisualStudioVersion = 15.0.26228.9
MinimumVisualStudioVersion = 10.0.40219.1
Project("{FAE04EC0-301F-11D3-BF4B-00C04F79EFBC}") = "SimpleHttpServer-branch", "SimpleHttpServer-branch\SimpleHttpServer-branch.csproj", "{35DE28D6-2CCA-4FDD-8EA1-49F94AC7E4E3}"
EndProject
Project("{FAE04EC0-301F-11D3-BF4B-00C04F79EFBC}") = "HttpServer1", "HttpServer1\HttpServer1.csproj", "{3D72B9A0-2408-4C6B-9559-8CD5C51083F8}"
EndProject
Global
	GlobalSection(SolutionConfigurationPlatforms) = preSolution
		Debug|Any CPU = Debug|Any CPU
		Release|Any CPU = Release|Any CPU
	EndGlobalSection
	GlobalSection(ProjectConfigurationPlatforms) = postSolution
		{35DE28D6-2CCA-4FDD-8EA1-49F94AC7E4E3}.Debug|Any CPU.ActiveCfg = Debug|Any CPU
		{35DE28D6-2CCA-4FDD-8EA1-49F94AC7E4E3}.Debug|Any CPU.Build.0 = Debug|Any CPU
		{35DE28D6-2CCA-4FDD-8EA1-49F94AC7E4E3}.Release|Any CPU.ActiveCfg = Release|Any CPU
		{35DE28D6-2CCA-4FDD-8EA1-49F94AC7E4E3}.Release|Any CPU.Build.0 = Release|Any CPU
		{3D72B9A0-2408-4C6B-9559-8CD5C51083F8}.Debug|Any CPU.ActiveCfg = Debug|Any CPU
		{3D72B9A0-2408-4C6B-9559-8CD5C51083F8}.Debug|Any CPU.Build.0 = Debug|Any CPU
		{3D72B9A0-2408-4C6B-9559-8CD5C51083F8}.Release|Any CPU.ActiveCfg = Release|Any CPU
		{3D72B9A0-2408-4C6B-9559-8CD5C51083F8}.Release|Any CPU.Build.0 = Release|Any CPU
	EndGlobalSection
	GlobalSection(SolutionProperties) = preSolution
		HideSolutionNode = FALSE
	EndGlobalSection
EndGlobal
